# THIS IS AN AUTOGENERATED FILE. DO NOT EDIT THIS FILE DIRECTLY.
# yarn lockfile v1


"@types/lodash@^4.14.168":
  version "4.14.168"
  resolved "https://registry.npm.taobao.org/@types/lodash/download/@types/lodash-4.14.168.tgz#fe24632e79b7ade3f132891afff86caa5e5ce008"
  integrity sha1-/iRjLnm3rePxMoka//hsql5c4Ag=

decode-uri-component@^0.2.0:
  version "0.2.0"
  resolved "https://registry.nlark.com/decode-uri-component/download/decode-uri-component-0.2.0.tgz#eb3913333458775cb84cd1a1fae062106bb87545"
  integrity sha1-6zkTMzRYd1y4TNGh+uBiEGu4dUU=

filter-obj@^1.1.0:
  version "1.1.0"
  resolved "https://registry.npm.taobao.org/filter-obj/download/filter-obj-1.1.0.tgz?cache=0&sync_timestamp=1617699897053&other_urls=https%3A%2F%2Fregistry.npm.taobao.org%2Ffilter-obj%2Fdownload%2Ffilter-obj-1.1.0.tgz#9b311112bc6c6127a16e016c6c5d7f19e0805c5b"
  integrity sha1-mzERErxsYSehbgFsbF1/GeCAXFs=

lodash@^4.17.21:
  version "4.17.21"
  resolved "https://registry.nlark.com/lodash/download/lodash-4.17.21.tgz#679591c564c3bffaae8454cf0b3df370c3d6911c"
  integrity sha1-Z5WRxWTDv/quhFTPCz3zcMPWkRw=

query-string@^7.0.0:
  version "7.0.0"
  resolved "https://registry.npm.taobao.org/query-string/download/query-string-7.0.0.tgz#aaad2c8d5c6a6d0c6afada877fecbd56af79e609"
  integrity sha1-qq0sjVxqbQxq+tqHf+y9Vq955gk=
  dependencies:
    decode-uri-component "^0.2.0"
    filter-obj "^1.1.0"
    split-on-first "^1.0.0"
    strict-uri-encode "^2.0.0"

split-on-first@^1.0.0:
  version "1.1.0"
  resolved "https://registry.npm.taobao.org/split-on-first/download/split-on-first-1.1.0.tgz?cache=0&sync_timestamp=1618466987898&other_urls=https%3A%2F%2Fregistry.npm.taobao.org%2Fsplit-on-first%2Fdownload%2Fsplit-on-first-1.1.0.tgz#f610afeee3b12bce1d0c30425e76398b78249a5f"
  integrity sha1-9hCv7uOxK84dDDBCXnY5i3gkml8=

strict-uri-encode@^2.0.0:
  version "2.0.0"
  resolved "https://registry.npm.taobao.org/strict-uri-encode/download/strict-uri-encode-2.0.0.tgz#b9c7330c7042862f6b142dc274bbcc5866ce3546"
  integrity sha1-ucczDHBChi9rFC3CdLvMWGbONUY=

typescript@^4.2.4:
  version "4.2.4"
  resolved "https://registry.nlark.com/typescript/download/typescript-4.2.4.tgz?cache=0&sync_timestamp=1619162989396&other_urls=https%3A%2F%2Fregistry.nlark.com%2Ftypescript%2Fdownload%2Ftypescript-4.2.4.tgz#8610b59747de028fda898a8aef0e103f156d0961"
  integrity sha1-hhC1l0feAo/aiYqK7w4QPxVtCWE=
