{
  "name": "TypeScript",
  "version": "1.0.0",
  "lockfileVersion": 1,
  "requires": true,
  "dependencies": {
    "@types/lodash": {
      "version": "4.14.168",
      "resolved": "https://registry.npm.taobao.org/@types/lodash/download/@types/lodash-4.14.168.tgz?cache=0&sync_timestamp=1613379044572&other_urls=https%3A%2F%2Fregistry.npm.taobao.org%2F%40types%2Flodash%2Fdownload%2F%40types%2Flodash-4.14.168.tgz",
      "integrity": "sha1-/iRjLnm3rePxMoka//hsql5c4Ag="
    },
    "lodash": {
      "version": "4.17.21"
    },
    "typescript": {
      "version": "4.2.4",
      "dev": true
    }
  }
}
